
Microsoft Visual Studio Solution File, Format Version 12.00
# Visual Studio 15
VisualStudioVersion = 15.0.27130.2020
MinimumVisualStudioVersion = 10.0.40219.1
Project("{FAE04EC0-301F-11D3-BF4B-00C04F79EFBC}") = "MarketServerTest", "MarketServerTest\MarketServerTest.csproj", "{E0FF2CFF-CACC-41D3-87A5-E9F96D7E7164}"
	ProjectSection(ProjectDependencies) = postProject
		{95F5420F-DDCD-46F7-8AE5-D2EDF53C6EDA} = {95F5420F-DDCD-46F7-8AE5-D2EDF53C6EDA}
	EndProjectSection
EndProject
Project("{FAE04EC0-301F-11D3-BF4B-00C04F79EFBC}") = "finam.ru_economic_calendar", "finam.ru_economic_calendar\finam.ru_economic_calendar.csproj", "{95F5420F-DDCD-46F7-8AE5-D2EDF53C6EDA}"
EndProject
Project("{FAE04EC0-301F-11D3-BF4B-00C04F79EFBC}") = "Server", "Server\Server.csproj", "{7778D684-F01A-4668-AE25-3ABB200CE086}"
EndProject
Global
	GlobalSection(SolutionConfigurationPlatforms) = preSolution
		Debug|Any CPU = Debug|Any CPU
		Release|Any CPU = Release|Any CPU
	EndGlobalSection
	GlobalSection(ProjectConfigurationPlatforms) = postSolution
		{E0FF2CFF-CACC-41D3-87A5-E9F96D7E7164}.Debug|Any CPU.ActiveCfg = Debug|Any CPU
		{E0FF2CFF-CACC-41D3-87A5-E9F96D7E7164}.Debug|Any CPU.Build.0 = Debug|Any CPU
		{E0FF2CFF-CACC-41D3-87A5-E9F96D7E7164}.Release|Any CPU.ActiveCfg = Release|Any CPU
		{E0FF2CFF-CACC-41D3-87A5-E9F96D7E7164}.Release|Any CPU.Build.0 = Release|Any CPU
		{95F5420F-DDCD-46F7-8AE5-D2EDF53C6EDA}.Debug|Any CPU.ActiveCfg = Debug|Any CPU
		{95F5420F-DDCD-46F7-8AE5-D2EDF53C6EDA}.Debug|Any CPU.Build.0 = Debug|Any CPU
		{95F5420F-DDCD-46F7-8AE5-D2EDF53C6EDA}.Release|Any CPU.ActiveCfg = Release|Any CPU
		{95F5420F-DDCD-46F7-8AE5-D2EDF53C6EDA}.Release|Any CPU.Build.0 = Release|Any CPU
		{7778D684-F01A-4668-AE25-3ABB200CE086}.Debug|Any CPU.ActiveCfg = Debug|Any CPU
		{7778D684-F01A-4668-AE25-3ABB200CE086}.Debug|Any CPU.Build.0 = Debug|Any CPU
		{7778D684-F01A-4668-AE25-3ABB200CE086}.Release|Any CPU.ActiveCfg = Release|Any CPU
		{7778D684-F01A-4668-AE25-3ABB200CE086}.Release|Any CPU.Build.0 = Release|Any CPU
	EndGlobalSection
	GlobalSection(SolutionProperties) = preSolution
		HideSolutionNode = FALSE
	EndGlobalSection
	GlobalSection(ExtensibilityGlobals) = postSolution
		SolutionGuid = {48923947-3C10-4D31-8DE3-1222573DE97D}
	EndGlobalSection
EndGlobal
